// !$*UTF8*$!
{
	archiveVersion = 1;
	classes = {
	};
	objectVersion = 50;
	objects = {

/* Begin PBXBuildFile section */
		B51B80B021928CDA00DE3325 /* MemeTextFieldDelegate.swift in Sources */ = {isa = PBXBuildFile; fileRef = B51B80AF21928CDA00DE3325 /* MemeTextFieldDelegate.swift */; };
		B533CD6721B5F49B0077EA80 /* SentMemeTableViewController.swift in Sources */ = {isa = PBXBuildFile; fileRef = B533CD6621B5F49B0077EA80 /* SentMemeTableViewController.swift */; };
		B533CD6921B5F6DE0077EA80 /* SentMemeCollectionViewController.swift in Sources */ = {isa = PBXBuildFile; fileRef = B533CD6821B5F6DE0077EA80 /* SentMemeCollectionViewController.swift */; };
		B533CD6C21B703890077EA80 /* NavbarExtensionViewController.swift in Sources */ = {isa = PBXBuildFile; fileRef = B533CD6B21B703890077EA80 /* NavbarExtensionViewController.swift */; };
		B533CD6E21B853340077EA80 /* MemeSegueKeys.swift in Sources */ = {isa = PBXBuildFile; fileRef = B533CD6D21B853340077EA80 /* MemeSegueKeys.swift */; };
		B533CD7021B8591F0077EA80 /* ShowMemeViewController.swift in Sources */ = {isa = PBXBuildFile; fileRef = B533CD6F21B8591F0077EA80 /* ShowMemeViewController.swift */; };
		B56BB60521935C19003B72DF /* Meme.swift in Sources */ = {isa = PBXBuildFile; fileRef = B56BB60421935C19003B72DF /* Meme.swift */; };
		B5AC78782192855600E67797 /* AppDelegate.swift in Sources */ = {isa = PBXBuildFile; fileRef = B5AC78772192855600E67797 /* AppDelegate.swift */; };
		B5AC787A2192855600E67797 /* MemeEditorViewController.swift in Sources */ = {isa = PBXBuildFile; fileRef = B5AC78792192855600E67797 /* MemeEditorViewController.swift */; };
		B5AC787D2192855600E67797 /* Main.storyboard in Resources */ = {isa = PBXBuildFile; fileRef = B5AC787B2192855600E67797 /* Main.storyboard */; };
		B5AC787F2192855800E67797 /* Assets.xcassets in Resources */ = {isa = PBXBuildFile; fileRef = B5AC787E2192855800E67797 /* Assets.xcassets */; };
		B5AC78822192855800E67797 /* LaunchScreen.storyboard in Resources */ = {isa = PBXBuildFile; fileRef = B5AC78802192855800E67797 /* LaunchScreen.storyboard */; };
		B5E02F8C2195F655004450F7 /* NSNotificationCenterSwiftKeys.swift in Sources */ = {isa = PBXBuildFile; fileRef = B5E02F8B2195F655004450F7 /* NSNotificationCenterSwiftKeys.swift */; };
/* End PBXBuildFile section */

/* Begin PBXFileReference section */
		B51B80AF21928CDA00DE3325 /* MemeTextFieldDelegate.swift */ = {isa = PBXFileReference; lastKnownFileType = sourcecode.swift; path = MemeTextFieldDelegate.swift; sourceTree = "<group>"; };
		B533CD6621B5F49B0077EA80 /* SentMemeTableViewController.swift */ = {isa = PBXFileReference; lastKnownFileType = sourcecode.swift; path = SentMemeTableViewController.swift; sourceTree = "<group>"; };
		B533CD6821B5F6DE0077EA80 /* SentMemeCollectionViewController.swift */ = {isa = PBXFileReference; lastKnownFileType = sourcecode.swift; path = SentMemeCollectionViewController.swift; sourceTree = "<group>"; };
		B533CD6B21B703890077EA80 /* NavbarExtensionViewController.swift */ = {isa = PBXFileReference; lastKnownFileType = sourcecode.swift; path = NavbarExtensionViewController.swift; sourceTree = "<group>"; };
		B533CD6D21B853340077EA80 /* MemeSegueKeys.swift */ = {isa = PBXFileReference; lastKnownFileType = sourcecode.swift; path = MemeSegueKeys.swift; sourceTree = "<group>"; };
		B533CD6F21B8591F0077EA80 /* ShowMemeViewController.swift */ = {isa = PBXFileReference; lastKnownFileType = sourcecode.swift; path = ShowMemeViewController.swift; sourceTree = "<group>"; };
		B56BB60421935C19003B72DF /* Meme.swift */ = {isa = PBXFileReference; lastKnownFileType = sourcecode.swift; path = Meme.swift; sourceTree = "<group>"; };
		B5AC78742192855600E67797 /* MemeMe.app */ = {isa = PBXFileReference; explicitFileType = wrapper.application; includeInIndex = 0; path = MemeMe.app; sourceTree = BUILT_PRODUCTS_DIR; };
		B5AC78772192855600E67797 /* AppDelegate.swift */ = {isa = PBXFileReference; lastKnownFileType = sourcecode.swift; path = AppDelegate.swift; sourceTree = "<group>"; };
		B5AC78792192855600E67797 /* MemeEditorViewController.swift */ = {isa = PBXFileReference; lastKnownFileType = sourcecode.swift; path = MemeEditorViewController.swift; sourceTree = "<group>"; };
		B5AC787C2192855600E67797 /* Base */ = {isa = PBXFileReference; lastKnownFileType = file.storyboard; name = Base; path = Base.lproj/Main.storyboard; sourceTree = "<group>"; };
		B5AC787E2192855800E67797 /* Assets.xcassets */ = {isa = PBXFileReference; lastKnownFileType = folder.assetcatalog; path = Assets.xcassets; sourceTree = "<group>"; };
		B5AC78812192855800E67797 /* Base */ = {isa = PBXFileReference; lastKnownFileType = file.storyboard; name = Base; path = Base.lproj/LaunchScreen.storyboard; sourceTree = "<group>"; };
		B5AC78832192855800E67797 /* Info.plist */ = {isa = PBXFileReference; lastKnownFileType = text.plist.xml; path = Info.plist; sourceTree = "<group>"; };
		B5E02F8B2195F655004450F7 /* NSNotificationCenterSwiftKeys.swift */ = {isa = PBXFileReference; lastKnownFileType = sourcecode.swift; path = NSNotificationCenterSwiftKeys.swift; sourceTree = "<group>"; };
/* End PBXFileReference section */

/* Begin PBXFrameworksBuildPhase section */
		B5AC78712192855600E67797 /* Frameworks */ = {
			isa = PBXFrameworksBuildPhase;
			buildActionMask = 2147483647;
			files = (
			);
			runOnlyForDeploymentPostprocessing = 0;
		};
/* End PBXFrameworksBuildPhase section */

/* Begin PBXGroup section */
		B51B80AE21928CBC00DE3325 /* Delegates */ = {
			isa = PBXGroup;
			children = (
				B51B80AF21928CDA00DE3325 /* MemeTextFieldDelegate.swift */,
			);
			path = Delegates;
			sourceTree = "<group>";
		};
		B533CD6A21B7035B0077EA80 /* Extensions */ = {
			isa = PBXGroup;
			children = (
				B533CD6B21B703890077EA80 /* NavbarExtensionViewController.swift */,
			);
			path = Extensions;
			sourceTree = "<group>";
		};
		B56BB60321935BEB003B72DF /* Structs */ = {
			isa = PBXGroup;
			children = (
				B56BB60421935C19003B72DF /* Meme.swift */,
			);
			path = Structs;
			sourceTree = "<group>";
		};
		B5AC786B2192855600E67797 = {
			isa = PBXGroup;
			children = (
				B5AC78762192855600E67797 /* MemeMe */,
				B5AC78752192855600E67797 /* Products */,
			);
			sourceTree = "<group>";
		};
		B5AC78752192855600E67797 /* Products */ = {
			isa = PBXGroup;
			children = (
				B5AC78742192855600E67797 /* MemeMe.app */,
			);
			name = Products;
			sourceTree = "<group>";
		};
		B5AC78762192855600E67797 /* MemeMe */ = {
			isa = PBXGroup;
			children = (
				B533CD6D21B853340077EA80 /* MemeSegueKeys.swift */,
				B533CD6A21B7035B0077EA80 /* Extensions */,
				B56BB60321935BEB003B72DF /* Structs */,
				B51B80AE21928CBC00DE3325 /* Delegates */,
				B5AC78772192855600E67797 /* AppDelegate.swift */,
				B5AC78792192855600E67797 /* MemeEditorViewController.swift */,
				B5AC787B2192855600E67797 /* Main.storyboard */,
				B5AC787E2192855800E67797 /* Assets.xcassets */,
				B5AC78802192855800E67797 /* LaunchScreen.storyboard */,
				B5AC78832192855800E67797 /* Info.plist */,
				B5E02F8B2195F655004450F7 /* NSNotificationCenterSwiftKeys.swift */,
				B533CD6621B5F49B0077EA80 /* SentMemeTableViewController.swift */,
				B533CD6821B5F6DE0077EA80 /* SentMemeCollectionViewController.swift */,
				B533CD6F21B8591F0077EA80 /* ShowMemeViewController.swift */,
			);
			path = MemeMe;
			sourceTree = "<group>";
		};
/* End PBXGroup section */

/* Begin PBXNativeTarget section */
		B5AC78732192855600E67797 /* MemeMe */ = {
			isa = PBXNativeTarget;
			buildConfigurationList = B5AC78862192855800E67797 /* Build configuration list for PBXNativeTarget "MemeMe" */;
			buildPhases = (
				B5AC78702192855600E67797 /* Sources */,
				B5AC78712192855600E67797 /* Frameworks */,
				B5AC78722192855600E67797 /* Resources */,
			);
			buildRules = (
			);
			dependencies = (
			);
			name = MemeMe;
			productName = MemeMe;
			productReference = B5AC78742192855600E67797 /* MemeMe.app */;
			productType = "com.apple.product-type.application";
		};
/* End PBXNativeTarget section */

/* Begin PBXProject section */
		B5AC786C2192855600E67797 /* Project object */ = {
			isa = PBXProject;
			attributes = {
				LastSwiftUpdateCheck = 1010;
				LastUpgradeCheck = 1010;
				ORGANIZATIONNAME = "Filipe Botti";
				TargetAttributes = {
					B5AC78732192855600E67797 = {
						CreatedOnToolsVersion = 10.1;
					};
				};
			};
			buildConfigurationList = B5AC786F2192855600E67797 /* Build configuration list for PBXProject "MemeMe" */;
			compatibilityVersion = "Xcode 9.3";
			developmentRegion = en;
			hasScannedForEncodings = 0;
			knownRegions = (
				en,
				Base,
			);
			mainGroup = B5AC786B2192855600E67797;
			productRefGroup = B5AC78752192855600E67797 /* Products */;
			projectDirPath = "";
			projectRoot = "";
			targets = (
				B5AC78732192855600E67797 /* MemeMe */,
			);
		};
/* End PBXProject section */

/* Begin PBXResourcesBuildPhase section */
		B5AC78722192855600E67797 /* Resources */ = {
			isa = PBXResourcesBuildPhase;
			buildActionMask = 2147483647;
			files = (
				B5AC78822192855800E67797 /* LaunchScreen.storyboard in Resources */,
				B5AC787F2192855800E67797 /* Assets.xcassets in Resources */,
				B5AC787D2192855600E67797 /* Main.storyboard in Resources */,
			);
			runOnlyForDeploymentPostprocessing = 0;
		};
/* End PBXResourcesBuildPhase section */

/* Begin PBXSourcesBuildPhase section */
		B5AC78702192855600E67797 /* Sources */ = {
			isa = PBXSourcesBuildPhase;
			buildActionMask = 2147483647;
			files = (
				B5AC787A2192855600E67797 /* MemeEditorViewController.swift in Sources */,
				B533CD6E21B853340077EA80 /* MemeSegueKeys.swift in Sources */,
				B56BB60521935C19003B72DF /* Meme.swift in Sources */,
				B5E02F8C2195F655004450F7 /* NSNotificationCenterSwiftKeys.swift in Sources */,
				B533CD6721B5F49B0077EA80 /* SentMemeTableViewController.swift in Sources */,
				B533CD6921B5F6DE0077EA80 /* SentMemeCollectionViewController.swift in Sources */,
				B533CD6C21B703890077EA80 /* NavbarExtensionViewController.swift in Sources */,
				B51B80B021928CDA00DE3325 /* MemeTextFieldDelegate.swift in Sources */,
				B5AC78782192855600E67797 /* AppDelegate.swift in Sources */,
				B533CD7021B8591F0077EA80 /* ShowMemeViewController.swift in Sources */,
			);
			runOnlyForDeploymentPostprocessing = 0;
		};
/* End PBXSourcesBuildPhase section */

/* Begin PBXVariantGroup section */
		B5AC787B2192855600E67797 /* Main.storyboard */ = {
			isa = PBXVariantGroup;
			children = (
				B5AC787C2192855600E67797 /* Base */,
			);
			name = Main.storyboard;
			sourceTree = "<group>";
		};
		B5AC78802192855800E67797 /* LaunchScreen.storyboard */ = {
			isa = PBXVariantGroup;
			children = (
				B5AC78812192855800E67797 /* Base */,
			);
			name = LaunchScreen.storyboard;
			sourceTree = "<group>";
		};
/* End PBXVariantGroup section */

/* Begin XCBuildConfiguration section */
		B5AC78842192855800E67797 /* Debug */ = {
			isa = XCBuildConfiguration;
			buildSettings = {
				ALWAYS_SEARCH_USER_PATHS = NO;
				CLANG_ANALYZER_NONNULL = YES;
				CLANG_ANALYZER_NUMBER_OBJECT_CONVERSION = YES_AGGRESSIVE;
				CLANG_CXX_LANGUAGE_STANDARD = "gnu++14";
				CLANG_CXX_LIBRARY = "libc++";
				CLANG_ENABLE_MODULES = YES;
				CLANG_ENABLE_OBJC_ARC = YES;
				CLANG_ENABLE_OBJC_WEAK = YES;
				CLANG_WARN_BLOCK_CAPTURE_AUTORELEASING = YES;
				CLANG_WARN_BOOL_CONVERSION = YES;
				CLANG_WARN_COMMA = YES;
				CLANG_WARN_CONSTANT_CONVERSION = YES;
				CLANG_WARN_DEPRECATED_OBJC_IMPLEMENTATIONS = YES;
				CLANG_WARN_DIRECT_OBJC_ISA_USAGE = YES_ERROR;
				CLANG_WARN_DOCUMENTATION_COMMENTS = YES;
				CLANG_WARN_EMPTY_BODY = YES;
				CLANG_WARN_ENUM_CONVERSION = YES;
				CLANG_WARN_INFINITE_RECURSION = YES;
				CLANG_WARN_INT_CONVERSION = YES;
				CLANG_WARN_NON_LITERAL_NULL_CONVERSION = YES;
				CLANG_WARN_OBJC_IMPLICIT_RETAIN_SELF = YES;
				CLANG_WARN_OBJC_LITERAL_CONVERSION = YES;
				CLANG_WARN_OBJC_ROOT_CLASS = YES_ERROR;
				CLANG_WARN_RANGE_LOOP_ANALYSIS = YES;
				CLANG_WARN_STRICT_PROTOTYPES = YES;
				CLANG_WARN_SUSPICIOUS_MOVE = YES;
				CLANG_WARN_UNGUARDED_AVAILABILITY = YES_AGGRESSIVE;
				CLANG_WARN_UNREACHABLE_CODE = YES;
				CLANG_WARN__DUPLICATE_METHOD_MATCH = YES;
				CODE_SIGN_IDENTITY = "iPhone Developer";
				COPY_PHASE_STRIP = NO;
				DEBUG_INFORMATION_FORMAT = dwarf;
				ENABLE_STRICT_OBJC_MSGSEND = YES;
				ENABLE_TESTABILITY = YES;
				GCC_C_LANGUAGE_STANDARD = gnu11;
				GCC_DYNAMIC_NO_PIC = NO;
				GCC_NO_COMMON_BLOCKS = YES;
				GCC_OPTIMIZATION_LEVEL = 0;
				GCC_PREPROCESSOR_DEFINITIONS = (
					"DEBUG=1",
					"$(inherited)",
				);
				GCC_WARN_64_TO_32_BIT_CONVERSION = YES;
				GCC_WARN_ABOUT_RETURN_TYPE = YES_ERROR;
				GCC_WARN_UNDECLARED_SELECTOR = YES;
				GCC_WARN_UNINITIALIZED_AUTOS = YES_AGGRESSIVE;
				GCC_WARN_UNUSED_FUNCTION = YES;
				GCC_WARN_UNUSED_VARIABLE = YES;
				IPHONEOS_DEPLOYMENT_TARGET = 12.1;
				MTL_ENABLE_DEBUG_INFO = INCLUDE_SOURCE;
				MTL_FAST_MATH = YES;
				ONLY_ACTIVE_ARCH = YES;
				SDKROOT = iphoneos;
				SWIFT_ACTIVE_COMPILATION_CONDITIONS = DEBUG;
				SWIFT_OPTIMIZATION_LEVEL = "-Onone";
			};
			name = Debug;
		};
		B5AC78852192855800E67797 /* Release */ = {
			isa = XCBuildConfiguration;
			buildSettings = {
				ALWAYS_SEARCH_USER_PATHS = NO;
				CLANG_ANALYZER_NONNULL = YES;
				CLANG_ANALYZER_NUMBER_OBJECT_CONVERSION = YES_AGGRESSIVE;
				CLANG_CXX_LANGUAGE_STANDARD = "gnu++14";
				CLANG_CXX_LIBRARY = "libc++";
				CLANG_ENABLE_MODULES = YES;
				CLANG_ENABLE_OBJC_ARC = YES;
				CLANG_ENABLE_OBJC_WEAK = YES;
				CLANG_WARN_BLOCK_CAPTURE_AUTORELEASING = YES;
				CLANG_WARN_BOOL_CONVERSION = YES;
				CLANG_WARN_COMMA = YES;
				CLANG_WARN_CONSTANT_CONVERSION = YES;
				CLANG_WARN_DEPRECATED_OBJC_IMPLEMENTATIONS = YES;
				CLANG_WARN_DIRECT_OBJC_ISA_USAGE = YES_ERROR;
				CLANG_WARN_DOCUMENTATION_COMMENTS = YES;
				CLANG_WARN_EMPTY_BODY = YES;
				CLANG_WARN_ENUM_CONVERSION = YES;
				CLANG_WARN_INFINITE_RECURSION = YES;
				CLANG_WARN_INT_CONVERSION = YES;
				CLANG_WARN_NON_LITERAL_NULL_CONVERSION = YES;
				CLANG_WARN_OBJC_IMPLICIT_RETAIN_SELF = YES;
				CLANG_WARN_OBJC_LITERAL_CONVERSION = YES;
				CLANG_WARN_OBJC_ROOT_CLASS = YES_ERROR;
				CLANG_WARN_RANGE_LOOP_ANALYSIS = YES;
				CLANG_WARN_STRICT_PROTOTYPES = YES;
				CLANG_WARN_SUSPICIOUS_MOVE = YES;
				CLANG_WARN_UNGUARDED_AVAILABILITY = YES_AGGRESSIVE;
				CLANG_WARN_UNREACHABLE_CODE = YES;
				CLANG_WARN__DUPLICATE_METHOD_MATCH = YES;
				CODE_SIGN_IDENTITY = "iPhone Developer";
				COPY_PHASE_STRIP = NO;
				DEBUG_INFORMATION_FORMAT = "dwarf-with-dsym";
				ENABLE_NS_ASSERTIONS = NO;
				ENABLE_STRICT_OBJC_MSGSEND = YES;
				GCC_C_LANGUAGE_STANDARD = gnu11;
				GCC_NO_COMMON_BLOCKS = YES;
				GCC_WARN_64_TO_32_BIT_CONVERSION = YES;
				GCC_WARN_ABOUT_RETURN_TYPE = YES_ERROR;
				GCC_WARN_UNDECLARED_SELECTOR = YES;
				GCC_WARN_UNINITIALIZED_AUTOS = YES_AGGRESSIVE;
				GCC_WARN_UNUSED_FUNCTION = YES;
				GCC_WARN_UNUSED_VARIABLE = YES;
				IPHONEOS_DEPLOYMENT_TARGET = 12.1;
				MTL_ENABLE_DEBUG_INFO = NO;
				MTL_FAST_MATH = YES;
				SDKROOT = iphoneos;
				SWIFT_COMPILATION_MODE = wholemodule;
				SWIFT_OPTIMIZATION_LEVEL = "-O";
				VALIDATE_PRODUCT = YES;
			};
			name = Release;
		};
		B5AC78872192855800E67797 /* Debug */ = {
			isa = XCBuildConfiguration;
			buildSettings = {
				ASSETCATALOG_COMPILER_APPICON_NAME = AppIcon;
				CODE_SIGN_STYLE = Automatic;
				DEVELOPMENT_TEAM = LL8YZ6N396;
				INFOPLIST_FILE = MemeMe/Info.plist;
				LD_RUNPATH_SEARCH_PATHS = (
					"$(inherited)",
					"@executable_path/Frameworks",
				);
				PRODUCT_BUNDLE_IDENTIFIER = com.botti.MemeMe;
				PRODUCT_NAME = "$(TARGET_NAME)";
				SWIFT_VERSION = 4.2;
				TARGETED_DEVICE_FAMILY = "1,2";
			};
			name = Debug;
		};
		B5AC78882192855800E67797 /* Release */ = {
			isa = XCBuildConfiguration;
			buildSettings = {
				ASSETCATALOG_COMPILER_APPICON_NAME = AppIcon;
				CODE_SIGN_STYLE = Automatic;
				DEVELOPMENT_TEAM = LL8YZ6N396;
				INFOPLIST_FILE = MemeMe/Info.plist;
				LD_RUNPATH_SEARCH_PATHS = (
					"$(inherited)",
					"@executable_path/Frameworks",
				);
				PRODUCT_BUNDLE_IDENTIFIER = com.botti.MemeMe;
				PRODUCT_NAME = "$(TARGET_NAME)";
				SWIFT_VERSION = 4.2;
				TARGETED_DEVICE_FAMILY = "1,2";
			};
			name = Release;
		};
/* End XCBuildConfiguration section */

/* Begin XCConfigurationList section */
		B5AC786F2192855600E67797 /* Build configuration list for PBXProject "MemeMe" */ = {
			isa = XCConfigurationList;
			buildConfigurations = (
				B5AC78842192855800E67797 /* Debug */,
				B5AC78852192855800E67797 /* Release */,
			);
			defaultConfigurationIsVisible = 0;
			defaultConfigurationName = Release;
		};
		B5AC78862192855800E67797 /* Build configuration list for PBXNativeTarget "MemeMe" */ = {
			isa = XCConfigurationList;
			buildConfigurations = (
				B5AC78872192855800E67797 /* Debug */,
				B5AC78882192855800E67797 /* Release */,
			);
			defaultConfigurationIsVisible = 0;
			defaultConfigurationName = Release;
		};
/* End XCConfigurationList section */
	};
	rootObject = B5AC786C2192855600E67797 /* Project object */;
}
